
Microsoft Visual Studio Solution File, Format Version 11.00
# Visual Studio 2010
Project("{8BC9CEB8-8B4A-11D0-8D11-00A0C91BC942}") = "dem_interpolated", "dem_interpolate\dem_interpolate.vcxproj", "{3C042014-469C-320E-9A5B-81F0155A8533}"
EndProject
Project("{8BC9CEB8-8B4A-11D0-8D11-00A0C91BC942}") = "photo_utild", "photo_util\photo_util.vcxproj", "{A6AE62FE-6A72-3064-A58A-468DA84E8711}"
EndProject
Project("{8BC9CEB8-8B4A-11D0-8D11-00A0C91BC942}") = "rtklib", "rtklib\rtklib.vcxproj", "{A344997E-EBF7-32A5-AC99-4038F1647B2A}"
EndProject
Project("{8BC9CEB8-8B4A-11D0-8D11-00A0C91BC942}") = "ziplibd", "ziplib\ziplib.vcxproj", "{90AE5413-C4E2-3CC9-A4F4-A1576DE9902A}"
EndProject
Project("{8BC9CEB8-8B4A-11D0-8D11-00A0C91BC942}") = "CVUtild", "CVUtil\CVUtil.vcxproj", "{D9D037DA-DD71-32DC-B798-C2E3F9A0FB12}"
EndProject
Project("{8BC9CEB8-8B4A-11D0-8D11-00A0C91BC942}") = "CVLoader", "CVLoaderUI\CVLoader.vcxproj", "{C895900D-B1B1-4F71-8576-307FEA046948}"
EndProject
Project("{8BC9CEB8-8B4A-11D0-8D11-00A0C91BC942}") = "check_gpsd", "check_gps\check_gps.vcxproj", "{21E5168F-3FC3-3599-BD7E-18F2F2941293}"
EndProject
Project("{8BC9CEB8-8B4A-11D0-8D11-00A0C91BC942}") = "check_lidar_final", "check_lidar_final\check_lidar_final.vcxproj", "{811FAC91-84ED-3969-9A60-8C2EFBF6B5E3}"
EndProject
Project("{8BC9CEB8-8B4A-11D0-8D11-00A0C91BC942}") = "check_lidard", "check_lidar_fli\check_lidar.vcxproj", "{6DDAD758-880A-35E4-8185-6218CAC58A47}"
EndProject
Project("{8BC9CEB8-8B4A-11D0-8D11-00A0C91BC942}") = "check_lidar_rawd", "check_lidar_raw\check_lidar_raw.vcxproj", "{7150DEF8-ABB5-3CAB-86FB-9837271889FB}"
EndProject
Project("{8BC9CEB8-8B4A-11D0-8D11-00A0C91BC942}") = "check_orthod", "check_ortho\check_ortho.vcxproj", "{DB35F66B-DCF5-32DB-98DE-D113694A201B}"
EndProject
Project("{8BC9CEB8-8B4A-11D0-8D11-00A0C91BC942}") = "check_photod", "check_photo_fli\check_photo.vcxproj", "{727245A1-2DA5-3CC5-93E6-000FD1829337}"
EndProject
Project("{8BC9CEB8-8B4A-11D0-8D11-00A0C91BC942}") = "check_tad", "check_ta\check_ta.vcxproj", "{649595D3-F1A7-3339-811D-DC244ED9D28B}"
EndProject
Global
	GlobalSection(SolutionConfigurationPlatforms) = preSolution
		Debug|Win32 = Debug|Win32
		Debug|x64 = Debug|x64
		Release|Win32 = Release|Win32
		Release|x64 = Release|x64
		Template|Win32 = Template|Win32
		Template|x64 = Template|x64
	EndGlobalSection
	GlobalSection(ProjectConfigurationPlatforms) = postSolution
		{3C042014-469C-320E-9A5B-81F0155A8533}.Debug|Win32.ActiveCfg = Debug|Win32
		{3C042014-469C-320E-9A5B-81F0155A8533}.Debug|Win32.Build.0 = Debug|Win32
		{3C042014-469C-320E-9A5B-81F0155A8533}.Debug|x64.ActiveCfg = Debug|x64
		{3C042014-469C-320E-9A5B-81F0155A8533}.Debug|x64.Build.0 = Debug|x64
		{3C042014-469C-320E-9A5B-81F0155A8533}.Release|Win32.ActiveCfg = Release|Win32
		{3C042014-469C-320E-9A5B-81F0155A8533}.Release|Win32.Build.0 = Release|Win32
		{3C042014-469C-320E-9A5B-81F0155A8533}.Release|x64.ActiveCfg = Release|x64
		{3C042014-469C-320E-9A5B-81F0155A8533}.Release|x64.Build.0 = Release|x64
		{3C042014-469C-320E-9A5B-81F0155A8533}.Template|Win32.ActiveCfg = Template|Win32
		{3C042014-469C-320E-9A5B-81F0155A8533}.Template|Win32.Build.0 = Template|Win32
		{3C042014-469C-320E-9A5B-81F0155A8533}.Template|x64.ActiveCfg = Template|x64
		{3C042014-469C-320E-9A5B-81F0155A8533}.Template|x64.Build.0 = Template|x64
		{A6AE62FE-6A72-3064-A58A-468DA84E8711}.Debug|Win32.ActiveCfg = Debug|Win32
		{A6AE62FE-6A72-3064-A58A-468DA84E8711}.Debug|Win32.Build.0 = Debug|Win32
		{A6AE62FE-6A72-3064-A58A-468DA84E8711}.Debug|x64.ActiveCfg = Debug|x64
		{A6AE62FE-6A72-3064-A58A-468DA84E8711}.Debug|x64.Build.0 = Debug|x64
		{A6AE62FE-6A72-3064-A58A-468DA84E8711}.Release|Win32.ActiveCfg = Release|Win32
		{A6AE62FE-6A72-3064-A58A-468DA84E8711}.Release|Win32.Build.0 = Release|Win32
		{A6AE62FE-6A72-3064-A58A-468DA84E8711}.Release|x64.ActiveCfg = Release|x64
		{A6AE62FE-6A72-3064-A58A-468DA84E8711}.Release|x64.Build.0 = Release|x64
		{A6AE62FE-6A72-3064-A58A-468DA84E8711}.Template|Win32.ActiveCfg = Template|Win32
		{A6AE62FE-6A72-3064-A58A-468DA84E8711}.Template|Win32.Build.0 = Template|Win32
		{A6AE62FE-6A72-3064-A58A-468DA84E8711}.Template|x64.ActiveCfg = Template|x64
		{A6AE62FE-6A72-3064-A58A-468DA84E8711}.Template|x64.Build.0 = Template|x64
		{A344997E-EBF7-32A5-AC99-4038F1647B2A}.Debug|Win32.ActiveCfg = Debug|Win32
		{A344997E-EBF7-32A5-AC99-4038F1647B2A}.Debug|Win32.Build.0 = Debug|Win32
		{A344997E-EBF7-32A5-AC99-4038F1647B2A}.Debug|x64.ActiveCfg = Debug|x64
		{A344997E-EBF7-32A5-AC99-4038F1647B2A}.Debug|x64.Build.0 = Debug|x64
		{A344997E-EBF7-32A5-AC99-4038F1647B2A}.Release|Win32.ActiveCfg = Release|Win32
		{A344997E-EBF7-32A5-AC99-4038F1647B2A}.Release|Win32.Build.0 = Release|Win32
		{A344997E-EBF7-32A5-AC99-4038F1647B2A}.Release|x64.ActiveCfg = Release|x64
		{A344997E-EBF7-32A5-AC99-4038F1647B2A}.Release|x64.Build.0 = Release|x64
		{A344997E-EBF7-32A5-AC99-4038F1647B2A}.Template|Win32.ActiveCfg = Release|x64
		{A344997E-EBF7-32A5-AC99-4038F1647B2A}.Template|x64.ActiveCfg = Release|x64
		{A344997E-EBF7-32A5-AC99-4038F1647B2A}.Template|x64.Build.0 = Release|x64
		{90AE5413-C4E2-3CC9-A4F4-A1576DE9902A}.Debug|Win32.ActiveCfg = Debug|Win32
		{90AE5413-C4E2-3CC9-A4F4-A1576DE9902A}.Debug|Win32.Build.0 = Debug|Win32
		{90AE5413-C4E2-3CC9-A4F4-A1576DE9902A}.Debug|x64.ActiveCfg = Debug|x64
		{90AE5413-C4E2-3CC9-A4F4-A1576DE9902A}.Debug|x64.Build.0 = Debug|x64
		{90AE5413-C4E2-3CC9-A4F4-A1576DE9902A}.Release|Win32.ActiveCfg = Release|Win32
		{90AE5413-C4E2-3CC9-A4F4-A1576DE9902A}.Release|Win32.Build.0 = Release|Win32
		{90AE5413-C4E2-3CC9-A4F4-A1576DE9902A}.Release|x64.ActiveCfg = Release|x64
		{90AE5413-C4E2-3CC9-A4F4-A1576DE9902A}.Release|x64.Build.0 = Release|x64
		{90AE5413-C4E2-3CC9-A4F4-A1576DE9902A}.Template|Win32.ActiveCfg = Template|Win32
		{90AE5413-C4E2-3CC9-A4F4-A1576DE9902A}.Template|Win32.Build.0 = Template|Win32
		{90AE5413-C4E2-3CC9-A4F4-A1576DE9902A}.Template|x64.ActiveCfg = Template|x64
		{90AE5413-C4E2-3CC9-A4F4-A1576DE9902A}.Template|x64.Build.0 = Template|x64
		{D9D037DA-DD71-32DC-B798-C2E3F9A0FB12}.Debug|Win32.ActiveCfg = Debug|Win32
		{D9D037DA-DD71-32DC-B798-C2E3F9A0FB12}.Debug|Win32.Build.0 = Debug|Win32
		{D9D037DA-DD71-32DC-B798-C2E3F9A0FB12}.Debug|x64.ActiveCfg = Debug|x64
		{D9D037DA-DD71-32DC-B798-C2E3F9A0FB12}.Debug|x64.Build.0 = Debug|x64
		{D9D037DA-DD71-32DC-B798-C2E3F9A0FB12}.Release|Win32.ActiveCfg = Release|Win32
		{D9D037DA-DD71-32DC-B798-C2E3F9A0FB12}.Release|Win32.Build.0 = Release|Win32
		{D9D037DA-DD71-32DC-B798-C2E3F9A0FB12}.Release|x64.ActiveCfg = Release|x64
		{D9D037DA-DD71-32DC-B798-C2E3F9A0FB12}.Release|x64.Build.0 = Release|x64
		{D9D037DA-DD71-32DC-B798-C2E3F9A0FB12}.Template|Win32.ActiveCfg = Template|Win32
		{D9D037DA-DD71-32DC-B798-C2E3F9A0FB12}.Template|Win32.Build.0 = Template|Win32
		{D9D037DA-DD71-32DC-B798-C2E3F9A0FB12}.Template|x64.ActiveCfg = Template|x64
		{D9D037DA-DD71-32DC-B798-C2E3F9A0FB12}.Template|x64.Build.0 = Template|x64
		{C895900D-B1B1-4F71-8576-307FEA046948}.Debug|Win32.ActiveCfg = Debug|Win32
		{C895900D-B1B1-4F71-8576-307FEA046948}.Debug|Win32.Build.0 = Debug|Win32
		{C895900D-B1B1-4F71-8576-307FEA046948}.Debug|x64.ActiveCfg = Debug|x64
		{C895900D-B1B1-4F71-8576-307FEA046948}.Debug|x64.Build.0 = Debug|x64
		{C895900D-B1B1-4F71-8576-307FEA046948}.Release|Win32.ActiveCfg = Release|Win32
		{C895900D-B1B1-4F71-8576-307FEA046948}.Release|Win32.Build.0 = Release|Win32
		{C895900D-B1B1-4F71-8576-307FEA046948}.Release|x64.ActiveCfg = Release|x64
		{C895900D-B1B1-4F71-8576-307FEA046948}.Release|x64.Build.0 = Release|x64
		{C895900D-B1B1-4F71-8576-307FEA046948}.Template|Win32.ActiveCfg = Template|Win32
		{C895900D-B1B1-4F71-8576-307FEA046948}.Template|Win32.Build.0 = Template|Win32
		{C895900D-B1B1-4F71-8576-307FEA046948}.Template|x64.ActiveCfg = Template|x64
		{C895900D-B1B1-4F71-8576-307FEA046948}.Template|x64.Build.0 = Template|x64
		{21E5168F-3FC3-3599-BD7E-18F2F2941293}.Debug|Win32.ActiveCfg = Debug|Win32
		{21E5168F-3FC3-3599-BD7E-18F2F2941293}.Debug|Win32.Build.0 = Debug|Win32
		{21E5168F-3FC3-3599-BD7E-18F2F2941293}.Debug|x64.ActiveCfg = Debug|x64
		{21E5168F-3FC3-3599-BD7E-18F2F2941293}.Debug|x64.Build.0 = Debug|x64
		{21E5168F-3FC3-3599-BD7E-18F2F2941293}.Release|Win32.ActiveCfg = Release|Win32
		{21E5168F-3FC3-3599-BD7E-18F2F2941293}.Release|Win32.Build.0 = Release|Win32
		{21E5168F-3FC3-3599-BD7E-18F2F2941293}.Release|x64.ActiveCfg = Release|x64
		{21E5168F-3FC3-3599-BD7E-18F2F2941293}.Release|x64.Build.0 = Release|x64
		{21E5168F-3FC3-3599-BD7E-18F2F2941293}.Template|Win32.ActiveCfg = Template|Win32
		{21E5168F-3FC3-3599-BD7E-18F2F2941293}.Template|Win32.Build.0 = Template|Win32
		{21E5168F-3FC3-3599-BD7E-18F2F2941293}.Template|x64.ActiveCfg = Template|x64
		{21E5168F-3FC3-3599-BD7E-18F2F2941293}.Template|x64.Build.0 = Template|x64
		{811FAC91-84ED-3969-9A60-8C2EFBF6B5E3}.Debug|Win32.ActiveCfg = Debug|Win32
		{811FAC91-84ED-3969-9A60-8C2EFBF6B5E3}.Debug|Win32.Build.0 = Debug|Win32
		{811FAC91-84ED-3969-9A60-8C2EFBF6B5E3}.Debug|x64.ActiveCfg = Debug|x64
		{811FAC91-84ED-3969-9A60-8C2EFBF6B5E3}.Debug|x64.Build.0 = Debug|x64
		{811FAC91-84ED-3969-9A60-8C2EFBF6B5E3}.Release|Win32.ActiveCfg = Release|Win32
		{811FAC91-84ED-3969-9A60-8C2EFBF6B5E3}.Release|Win32.Build.0 = Release|Win32
		{811FAC91-84ED-3969-9A60-8C2EFBF6B5E3}.Release|x64.ActiveCfg = Release|x64
		{811FAC91-84ED-3969-9A60-8C2EFBF6B5E3}.Release|x64.Build.0 = Release|x64
		{811FAC91-84ED-3969-9A60-8C2EFBF6B5E3}.Template|Win32.ActiveCfg = Release|x64
		{811FAC91-84ED-3969-9A60-8C2EFBF6B5E3}.Template|x64.ActiveCfg = Release|x64
		{811FAC91-84ED-3969-9A60-8C2EFBF6B5E3}.Template|x64.Build.0 = Release|x64
		{6DDAD758-880A-35E4-8185-6218CAC58A47}.Debug|Win32.ActiveCfg = Debug|Win32
		{6DDAD758-880A-35E4-8185-6218CAC58A47}.Debug|Win32.Build.0 = Debug|Win32
		{6DDAD758-880A-35E4-8185-6218CAC58A47}.Debug|x64.ActiveCfg = Debug|x64
		{6DDAD758-880A-35E4-8185-6218CAC58A47}.Debug|x64.Build.0 = Debug|x64
		{6DDAD758-880A-35E4-8185-6218CAC58A47}.Release|Win32.ActiveCfg = Release|Win32
		{6DDAD758-880A-35E4-8185-6218CAC58A47}.Release|Win32.Build.0 = Release|Win32
		{6DDAD758-880A-35E4-8185-6218CAC58A47}.Release|x64.ActiveCfg = Release|x64
		{6DDAD758-880A-35E4-8185-6218CAC58A47}.Release|x64.Build.0 = Release|x64
		{6DDAD758-880A-35E4-8185-6218CAC58A47}.Template|Win32.ActiveCfg = Template|Win32
		{6DDAD758-880A-35E4-8185-6218CAC58A47}.Template|Win32.Build.0 = Template|Win32
		{6DDAD758-880A-35E4-8185-6218CAC58A47}.Template|x64.ActiveCfg = Template|x64
		{6DDAD758-880A-35E4-8185-6218CAC58A47}.Template|x64.Build.0 = Template|x64
		{7150DEF8-ABB5-3CAB-86FB-9837271889FB}.Debug|Win32.ActiveCfg = Debug|Win32
		{7150DEF8-ABB5-3CAB-86FB-9837271889FB}.Debug|Win32.Build.0 = Debug|Win32
		{7150DEF8-ABB5-3CAB-86FB-9837271889FB}.Debug|x64.ActiveCfg = Debug|x64
		{7150DEF8-ABB5-3CAB-86FB-9837271889FB}.Debug|x64.Build.0 = Debug|x64
		{7150DEF8-ABB5-3CAB-86FB-9837271889FB}.Release|Win32.ActiveCfg = Release|Win32
		{7150DEF8-ABB5-3CAB-86FB-9837271889FB}.Release|Win32.Build.0 = Release|Win32
		{7150DEF8-ABB5-3CAB-86FB-9837271889FB}.Release|x64.ActiveCfg = Release|x64
		{7150DEF8-ABB5-3CAB-86FB-9837271889FB}.Release|x64.Build.0 = Release|x64
		{7150DEF8-ABB5-3CAB-86FB-9837271889FB}.Template|Win32.ActiveCfg = Template|Win32
		{7150DEF8-ABB5-3CAB-86FB-9837271889FB}.Template|Win32.Build.0 = Template|Win32
		{7150DEF8-ABB5-3CAB-86FB-9837271889FB}.Template|x64.ActiveCfg = Template|x64
		{7150DEF8-ABB5-3CAB-86FB-9837271889FB}.Template|x64.Build.0 = Template|x64
		{DB35F66B-DCF5-32DB-98DE-D113694A201B}.Debug|Win32.ActiveCfg = Debug|Win32
		{DB35F66B-DCF5-32DB-98DE-D113694A201B}.Debug|Win32.Build.0 = Debug|Win32
		{DB35F66B-DCF5-32DB-98DE-D113694A201B}.Debug|x64.ActiveCfg = Debug|x64
		{DB35F66B-DCF5-32DB-98DE-D113694A201B}.Debug|x64.Build.0 = Debug|x64
		{DB35F66B-DCF5-32DB-98DE-D113694A201B}.Release|Win32.ActiveCfg = Release|Win32
		{DB35F66B-DCF5-32DB-98DE-D113694A201B}.Release|Win32.Build.0 = Release|Win32
		{DB35F66B-DCF5-32DB-98DE-D113694A201B}.Release|x64.ActiveCfg = Release|x64
		{DB35F66B-DCF5-32DB-98DE-D113694A201B}.Release|x64.Build.0 = Release|x64
		{DB35F66B-DCF5-32DB-98DE-D113694A201B}.Template|Win32.ActiveCfg = Template|Win32
		{DB35F66B-DCF5-32DB-98DE-D113694A201B}.Template|Win32.Build.0 = Template|Win32
		{DB35F66B-DCF5-32DB-98DE-D113694A201B}.Template|x64.ActiveCfg = Template|x64
		{DB35F66B-DCF5-32DB-98DE-D113694A201B}.Template|x64.Build.0 = Template|x64
		{727245A1-2DA5-3CC5-93E6-000FD1829337}.Debug|Win32.ActiveCfg = Debug|Win32
		{727245A1-2DA5-3CC5-93E6-000FD1829337}.Debug|Win32.Build.0 = Debug|Win32
		{727245A1-2DA5-3CC5-93E6-000FD1829337}.Debug|x64.ActiveCfg = Debug|x64
		{727245A1-2DA5-3CC5-93E6-000FD1829337}.Debug|x64.Build.0 = Debug|x64
		{727245A1-2DA5-3CC5-93E6-000FD1829337}.Release|Win32.ActiveCfg = Release|Win32
		{727245A1-2DA5-3CC5-93E6-000FD1829337}.Release|Win32.Build.0 = Release|Win32
		{727245A1-2DA5-3CC5-93E6-000FD1829337}.Release|x64.ActiveCfg = Release|x64
		{727245A1-2DA5-3CC5-93E6-000FD1829337}.Release|x64.Build.0 = Release|x64
		{727245A1-2DA5-3CC5-93E6-000FD1829337}.Template|Win32.ActiveCfg = Template|Win32
		{727245A1-2DA5-3CC5-93E6-000FD1829337}.Template|Win32.Build.0 = Template|Win32
		{727245A1-2DA5-3CC5-93E6-000FD1829337}.Template|x64.ActiveCfg = Template|x64
		{727245A1-2DA5-3CC5-93E6-000FD1829337}.Template|x64.Build.0 = Template|x64
		{649595D3-F1A7-3339-811D-DC244ED9D28B}.Debug|Win32.ActiveCfg = Debug|Win32
		{649595D3-F1A7-3339-811D-DC244ED9D28B}.Debug|Win32.Build.0 = Debug|Win32
		{649595D3-F1A7-3339-811D-DC244ED9D28B}.Debug|x64.ActiveCfg = Debug|x64
		{649595D3-F1A7-3339-811D-DC244ED9D28B}.Debug|x64.Build.0 = Debug|x64
		{649595D3-F1A7-3339-811D-DC244ED9D28B}.Release|Win32.ActiveCfg = Release|Win32
		{649595D3-F1A7-3339-811D-DC244ED9D28B}.Release|Win32.Build.0 = Release|Win32
		{649595D3-F1A7-3339-811D-DC244ED9D28B}.Release|x64.ActiveCfg = Release|x64
		{649595D3-F1A7-3339-811D-DC244ED9D28B}.Release|x64.Build.0 = Release|x64
		{649595D3-F1A7-3339-811D-DC244ED9D28B}.Template|Win32.ActiveCfg = Template|Win32
		{649595D3-F1A7-3339-811D-DC244ED9D28B}.Template|Win32.Build.0 = Template|Win32
		{649595D3-F1A7-3339-811D-DC244ED9D28B}.Template|x64.ActiveCfg = Template|x64
		{649595D3-F1A7-3339-811D-DC244ED9D28B}.Template|x64.Build.0 = Template|x64
	EndGlobalSection
	GlobalSection(SolutionProperties) = preSolution
		HideSolutionNode = FALSE
	EndGlobalSection
	GlobalSection(ExtensibilityGlobals) = postSolution
		Qt5Version = Qt4.8.5
	EndGlobalSection
EndGlobal
